
Microsoft Visual Studio Solution File, Format Version 12.00
# Visual Studio Version 17
VisualStudioVersion = 17.10.34928.147
MinimumVisualStudioVersion = 10.0.40219.1
Project("{FAE04EC0-301F-11D3-BF4B-00C04F79EFBC}") = "IndividuelltProjektBankomaten", "IndividuelltProjektBankomaten\IndividuelltProjektBankomaten.csproj", "{56CDBD78-A4FF-409F-A281-BA4DB66749B4}"
EndProject
Global
	GlobalSection(SolutionConfigurationPlatforms) = preSolution
		Debug|Any CPU = Debug|Any CPU
		Release|Any CPU = Release|Any CPU
	EndGlobalSection
	GlobalSection(ProjectConfigurationPlatforms) = postSolution
		{56CDBD78-A4FF-409F-A281-BA4DB66749B4}.Debug|Any CPU.ActiveCfg = Debug|Any CPU
		{56CDBD78-A4FF-409F-A281-BA4DB66749B4}.Debug|Any CPU.Build.0 = Debug|Any CPU
		{56CDBD78-A4FF-409F-A281-BA4DB66749B4}.Release|Any CPU.ActiveCfg = Release|Any CPU
		{56CDBD78-A4FF-409F-A281-BA4DB66749B4}.Release|Any CPU.Build.0 = Release|Any CPU
	EndGlobalSection
	GlobalSection(SolutionProperties) = preSolution
		HideSolutionNode = FALSE
	EndGlobalSection
	GlobalSection(ExtensibilityGlobals) = postSolution
		SolutionGuid = {044ED28A-9539-495A-92C1-3B9E86842DA4}
	EndGlobalSection
EndGlobal
